
Microsoft Visual Studio Solution File, Format Version 12.00
# Visual Studio Version 17
VisualStudioVersion = 17.14.37301.10 d17.14
MinimumVisualStudioVersion = 10.0.40219.1
Project("{FAE04EC0-301F-11D3-BF4B-00C04F79EFBC}") = "BookCatalog", "BookCatalog\BookCatalog.csproj", "{2030E4A0-CA02-40E5-ADA5-A168584F192A}"
EndProject
Global
	GlobalSection(SolutionConfigurationPlatforms) = preSolution
		Debug|Any CPU = Debug|Any CPU
		Release|Any CPU = Release|Any CPU
	EndGlobalSection
	GlobalSection(ProjectConfigurationPlatforms) = postSolution
		{2030E4A0-CA02-40E5-ADA5-A168584F192A}.Debug|Any CPU.ActiveCfg = Debug|Any CPU
		{2030E4A0-CA02-40E5-ADA5-A168584F192A}.Debug|Any CPU.Build.0 = Debug|Any CPU
		{2030E4A0-CA02-40E5-ADA5-A168584F192A}.Release|Any CPU.ActiveCfg = Release|Any CPU
		{2030E4A0-CA02-40E5-ADA5-A168584F192A}.Release|Any CPU.Build.0 = Release|Any CPU
	EndGlobalSection
	GlobalSection(SolutionProperties) = preSolution
		HideSolutionNode = FALSE
	EndGlobalSection
	GlobalSection(ExtensibilityGlobals) = postSolution
		SolutionGuid = {D744FB2A-0D3A-48DA-BE32-82CD23E16E07}
	EndGlobalSection
EndGlobal
